
Microsoft Visual Studio Solution File, Format Version 12.00
# Visual Studio Version 17
VisualStudioVersion = 17.10.35122.118
MinimumVisualStudioVersion = 10.0.40219.1
Project("{FAE04EC0-301F-11D3-BF4B-00C04F79EFBC}") = "myAPP1", "myAPP1\myAPP1.csproj", "{4C3C38F8-DCFD-4C9B-8FCA-0C13E5C21554}"
EndProject
Global
	GlobalSection(SolutionConfigurationPlatforms) = preSolution
		Debug|Any CPU = Debug|Any CPU
		Release|Any CPU = Release|Any CPU
	EndGlobalSection
	GlobalSection(ProjectConfigurationPlatforms) = postSolution
		{4C3C38F8-DCFD-4C9B-8FCA-0C13E5C21554}.Debug|Any CPU.ActiveCfg = Debug|Any CPU
		{4C3C38F8-DCFD-4C9B-8FCA-0C13E5C21554}.Debug|Any CPU.Build.0 = Debug|Any CPU
		{4C3C38F8-DCFD-4C9B-8FCA-0C13E5C21554}.Release|Any CPU.ActiveCfg = Release|Any CPU
		{4C3C38F8-DCFD-4C9B-8FCA-0C13E5C21554}.Release|Any CPU.Build.0 = Release|Any CPU
	EndGlobalSection
	GlobalSection(SolutionProperties) = preSolution
		HideSolutionNode = FALSE
	EndGlobalSection
	GlobalSection(ExtensibilityGlobals) = postSolution
		SolutionGuid = {D755D4A8-D5C0-4A8B-8E9E-CD3A9076CFE1}
	EndGlobalSection
EndGlobal
